
Microsoft Visual Studio Solution File, Format Version 12.00
# Visual Studio Version 17
VisualStudioVersion = 17.12.35707.178 d17.12
MinimumVisualStudioVersion = 10.0.40219.1
Project("{FAE04EC0-301F-11D3-BF4B-00C04F79EFBC}") = "OnlineCourse", "OnlineCourse.csproj", "{052A95DA-7978-4A5B-961B-4DA5C161BEDB}"
EndProject
Global
	GlobalSection(SolutionConfigurationPlatforms) = preSolution
		Debug|Any CPU = Debug|Any CPU
		Release|Any CPU = Release|Any CPU
	EndGlobalSection
	GlobalSection(ProjectConfigurationPlatforms) = postSolution
		{052A95DA-7978-4A5B-961B-4DA5C161BEDB}.Debug|Any CPU.ActiveCfg = Debug|Any CPU
		{052A95DA-7978-4A5B-961B-4DA5C161BEDB}.Debug|Any CPU.Build.0 = Debug|Any CPU
		{052A95DA-7978-4A5B-961B-4DA5C161BEDB}.Release|Any CPU.ActiveCfg = Release|Any CPU
		{052A95DA-7978-4A5B-961B-4DA5C161BEDB}.Release|Any CPU.Build.0 = Release|Any CPU
	EndGlobalSection
	GlobalSection(SolutionProperties) = preSolution
		HideSolutionNode = FALSE
	EndGlobalSection
EndGlobal
